dependencies:
  espressif/mdns:
    component_hash: b5b30022c46302eab89c1d2e3b6fb5918a627563a7462f0ee284b22b9a934967
    dependencies:
    - name: idf
      require: private
      version: '>=5.0'
    source:
      registry_url: https://components.espressif.com/
      type: service
    version: 1.14.0
  idf:
    source:
      type: idf
    version: 6.1.0
direct_dependencies:
- espressif/mdns
- idf
manifest_hash: 25e47e483328946738b98eec4248b30cbf6b10a87e88ad31a357575d41231e5b
target: esp32s2
version: 3.0.0
